
Microsoft Visual Studio Solution File, Format Version 12.00
# Visual Studio 14
VisualStudioVersion = 14.0.25420.1
MinimumVisualStudioVersion = 10.0.40219.1
Project("{FAE04EC0-301F-11D3-BF4B-00C04F79EFBC}") = "Quick", "Quick\Quick.csproj", "{D26B7BEA-D131-4801-A19B-E0AFC6740322}"
EndProject
Project("{FAE04EC0-301F-11D3-BF4B-00C04F79EFBC}") = "QuickUpdate", "QuickUpdate\QuickUpdate.csproj", "{E197A7E7-B3E0-4ECF-AC0A-459BC80D2A28}"
EndProject
Project("{FAE04EC0-301F-11D3-BF4B-00C04F79EFBC}") = "QuickPlugin", "QuickPlugin\QuickPlugin.csproj", "{EA358646-8755-4A40-AABC-200C03CF86CC}"
EndProject
Project("{FAE04EC0-301F-11D3-BF4B-00C04F79EFBC}") = "QuickUI", "QuickUI\QuickUI.csproj", "{F36B622E-4F74-4D69-912C-FB9DE8915362}"
EndProject
Global
	GlobalSection(SolutionConfigurationPlatforms) = preSolution
		Debug|Any CPU = Debug|Any CPU
		Debug|Mixed Platforms = Debug|Mixed Platforms
		Debug|Win32 = Debug|Win32
		Release|Any CPU = Release|Any CPU
		Release|Mixed Platforms = Release|Mixed Platforms
		Release|Win32 = Release|Win32
		Template|Any CPU = Template|Any CPU
		Template|Mixed Platforms = Template|Mixed Platforms
		Template|Win32 = Template|Win32
	EndGlobalSection
	GlobalSection(ProjectConfigurationPlatforms) = postSolution
		{D26B7BEA-D131-4801-A19B-E0AFC6740322}.Debug|Any CPU.ActiveCfg = Debug|Any CPU
		{D26B7BEA-D131-4801-A19B-E0AFC6740322}.Debug|Any CPU.Build.0 = Debug|Any CPU
		{D26B7BEA-D131-4801-A19B-E0AFC6740322}.Debug|Mixed Platforms.ActiveCfg = Debug|Any CPU
		{D26B7BEA-D131-4801-A19B-E0AFC6740322}.Debug|Mixed Platforms.Build.0 = Debug|Any CPU
		{D26B7BEA-D131-4801-A19B-E0AFC6740322}.Debug|Win32.ActiveCfg = Debug|Any CPU
		{D26B7BEA-D131-4801-A19B-E0AFC6740322}.Release|Any CPU.ActiveCfg = Release|Any CPU
		{D26B7BEA-D131-4801-A19B-E0AFC6740322}.Release|Any CPU.Build.0 = Release|Any CPU
		{D26B7BEA-D131-4801-A19B-E0AFC6740322}.Release|Mixed Platforms.ActiveCfg = Release|Any CPU
		{D26B7BEA-D131-4801-A19B-E0AFC6740322}.Release|Mixed Platforms.Build.0 = Release|Any CPU
		{D26B7BEA-D131-4801-A19B-E0AFC6740322}.Release|Win32.ActiveCfg = Release|Any CPU
		{D26B7BEA-D131-4801-A19B-E0AFC6740322}.Template|Any CPU.ActiveCfg = Release|Any CPU
		{D26B7BEA-D131-4801-A19B-E0AFC6740322}.Template|Any CPU.Build.0 = Release|Any CPU
		{D26B7BEA-D131-4801-A19B-E0AFC6740322}.Template|Mixed Platforms.ActiveCfg = Release|Any CPU
		{D26B7BEA-D131-4801-A19B-E0AFC6740322}.Template|Mixed Platforms.Build.0 = Release|Any CPU
		{D26B7BEA-D131-4801-A19B-E0AFC6740322}.Template|Win32.ActiveCfg = Release|Any CPU
		{E197A7E7-B3E0-4ECF-AC0A-459BC80D2A28}.Debug|Any CPU.ActiveCfg = Debug|Any CPU
		{E197A7E7-B3E0-4ECF-AC0A-459BC80D2A28}.Debug|Any CPU.Build.0 = Debug|Any CPU
		{E197A7E7-B3E0-4ECF-AC0A-459BC80D2A28}.Debug|Mixed Platforms.ActiveCfg = Debug|Any CPU
		{E197A7E7-B3E0-4ECF-AC0A-459BC80D2A28}.Debug|Win32.ActiveCfg = Debug|Any CPU
		{E197A7E7-B3E0-4ECF-AC0A-459BC80D2A28}.Release|Any CPU.ActiveCfg = Release|Any CPU
		{E197A7E7-B3E0-4ECF-AC0A-459BC80D2A28}.Release|Any CPU.Build.0 = Release|Any CPU
		{E197A7E7-B3E0-4ECF-AC0A-459BC80D2A28}.Release|Mixed Platforms.ActiveCfg = Release|Any CPU
		{E197A7E7-B3E0-4ECF-AC0A-459BC80D2A28}.Release|Win32.ActiveCfg = Release|Any CPU
		{E197A7E7-B3E0-4ECF-AC0A-459BC80D2A28}.Template|Any CPU.ActiveCfg = Release|Any CPU
		{E197A7E7-B3E0-4ECF-AC0A-459BC80D2A28}.Template|Mixed Platforms.ActiveCfg = Release|Any CPU
		{E197A7E7-B3E0-4ECF-AC0A-459BC80D2A28}.Template|Win32.ActiveCfg = Release|Any CPU
		{EA358646-8755-4A40-AABC-200C03CF86CC}.Debug|Any CPU.ActiveCfg = Debug|Any CPU
		{EA358646-8755-4A40-AABC-200C03CF86CC}.Debug|Any CPU.Build.0 = Debug|Any CPU
		{EA358646-8755-4A40-AABC-200C03CF86CC}.Debug|Mixed Platforms.ActiveCfg = Debug|Any CPU
		{EA358646-8755-4A40-AABC-200C03CF86CC}.Debug|Mixed Platforms.Build.0 = Debug|Any CPU
		{EA358646-8755-4A40-AABC-200C03CF86CC}.Debug|Win32.ActiveCfg = Debug|Any CPU
		{EA358646-8755-4A40-AABC-200C03CF86CC}.Release|Any CPU.ActiveCfg = Release|Any CPU
		{EA358646-8755-4A40-AABC-200C03CF86CC}.Release|Any CPU.Build.0 = Release|Any CPU
		{EA358646-8755-4A40-AABC-200C03CF86CC}.Release|Mixed Platforms.ActiveCfg = Release|Any CPU
		{EA358646-8755-4A40-AABC-200C03CF86CC}.Release|Mixed Platforms.Build.0 = Release|Any CPU
		{EA358646-8755-4A40-AABC-200C03CF86CC}.Release|Win32.ActiveCfg = Release|Any CPU
		{EA358646-8755-4A40-AABC-200C03CF86CC}.Template|Any CPU.ActiveCfg = Release|Any CPU
		{EA358646-8755-4A40-AABC-200C03CF86CC}.Template|Any CPU.Build.0 = Release|Any CPU
		{EA358646-8755-4A40-AABC-200C03CF86CC}.Template|Mixed Platforms.ActiveCfg = Release|Any CPU
		{EA358646-8755-4A40-AABC-200C03CF86CC}.Template|Mixed Platforms.Build.0 = Release|Any CPU
		{EA358646-8755-4A40-AABC-200C03CF86CC}.Template|Win32.ActiveCfg = Release|Any CPU
		{F36B622E-4F74-4D69-912C-FB9DE8915362}.Debug|Any CPU.ActiveCfg = Debug|Any CPU
		{F36B622E-4F74-4D69-912C-FB9DE8915362}.Debug|Any CPU.Build.0 = Debug|Any CPU
		{F36B622E-4F74-4D69-912C-FB9DE8915362}.Debug|Mixed Platforms.ActiveCfg = Debug|Any CPU
		{F36B622E-4F74-4D69-912C-FB9DE8915362}.Debug|Mixed Platforms.Build.0 = Debug|Any CPU
		{F36B622E-4F74-4D69-912C-FB9DE8915362}.Debug|Win32.ActiveCfg = Debug|Any CPU
		{F36B622E-4F74-4D69-912C-FB9DE8915362}.Release|Any CPU.ActiveCfg = Release|Any CPU
		{F36B622E-4F74-4D69-912C-FB9DE8915362}.Release|Any CPU.Build.0 = Release|Any CPU
		{F36B622E-4F74-4D69-912C-FB9DE8915362}.Release|Mixed Platforms.ActiveCfg = Release|Any CPU
		{F36B622E-4F74-4D69-912C-FB9DE8915362}.Release|Mixed Platforms.Build.0 = Release|Any CPU
		{F36B622E-4F74-4D69-912C-FB9DE8915362}.Release|Win32.ActiveCfg = Release|Any CPU
		{F36B622E-4F74-4D69-912C-FB9DE8915362}.Template|Any CPU.ActiveCfg = Release|Any CPU
		{F36B622E-4F74-4D69-912C-FB9DE8915362}.Template|Any CPU.Build.0 = Release|Any CPU
		{F36B622E-4F74-4D69-912C-FB9DE8915362}.Template|Mixed Platforms.ActiveCfg = Release|Any CPU
		{F36B622E-4F74-4D69-912C-FB9DE8915362}.Template|Mixed Platforms.Build.0 = Release|Any CPU
		{F36B622E-4F74-4D69-912C-FB9DE8915362}.Template|Win32.ActiveCfg = Release|Any CPU
	EndGlobalSection
	GlobalSection(SolutionProperties) = preSolution
		HideSolutionNode = FALSE
	EndGlobalSection
EndGlobal
